
Microsoft Visual Studio Solution File, Format Version 12.00
# Visual Studio 15
VisualStudioVersion = 15.0.27130.2027
MinimumVisualStudioVersion = 10.0.40219.1
Project("{FAE04EC0-301F-11D3-BF4B-00C04F79EFBC}") = "Puzzle", "Puzzle\Puzzle.csproj", "{68BADF63-CAC6-44FF-9379-BF6CC9331303}"
EndProject
Project("{FAE04EC0-301F-11D3-BF4B-00C04F79EFBC}") = "PuzzleRefactor", "PuzzleRefactor\PuzzleRefactor.csproj", "{73AA1EF9-E932-4FE6-B5AB-3D3FEBB6B816}"
EndProject
Global
	GlobalSection(SolutionConfigurationPlatforms) = preSolution
		Debug|Any CPU = Debug|Any CPU
		Release|Any CPU = Release|Any CPU
	EndGlobalSection
	GlobalSection(ProjectConfigurationPlatforms) = postSolution
		{68BADF63-CAC6-44FF-9379-BF6CC9331303}.Debug|Any CPU.ActiveCfg = Debug|Any CPU
		{68BADF63-CAC6-44FF-9379-BF6CC9331303}.Debug|Any CPU.Build.0 = Debug|Any CPU
		{68BADF63-CAC6-44FF-9379-BF6CC9331303}.Release|Any CPU.ActiveCfg = Release|Any CPU
		{68BADF63-CAC6-44FF-9379-BF6CC9331303}.Release|Any CPU.Build.0 = Release|Any CPU
		{73AA1EF9-E932-4FE6-B5AB-3D3FEBB6B816}.Debug|Any CPU.ActiveCfg = Debug|Any CPU
		{73AA1EF9-E932-4FE6-B5AB-3D3FEBB6B816}.Debug|Any CPU.Build.0 = Debug|Any CPU
		{73AA1EF9-E932-4FE6-B5AB-3D3FEBB6B816}.Release|Any CPU.ActiveCfg = Release|Any CPU
		{73AA1EF9-E932-4FE6-B5AB-3D3FEBB6B816}.Release|Any CPU.Build.0 = Release|Any CPU
	EndGlobalSection
	GlobalSection(SolutionProperties) = preSolution
		HideSolutionNode = FALSE
	EndGlobalSection
	GlobalSection(ExtensibilityGlobals) = postSolution
		SolutionGuid = {749BB77C-46FB-44A6-A8F3-BAAF058CEBFA}
	EndGlobalSection
EndGlobal
